<?xml version="1.0" encoding="utf-8"?>
<Project ToolsVersion="4.0" xmlns="http://schemas.microsoft.com/developer/msbuild/2003">
  <ItemGroup>
    <Filter Include="Source Files">
      <UniqueIdentifier>{4FC737F1-C7A5-4376-A066-2A32D752A2FF}</UniqueIdentifier>
      <Extensions>cpp;c;cc;cxx;c++;cppm;ixx;def;odl;idl;hpj;bat;asm;asmx</Extensions>
    </Filter>
    <Filter Include="Header Files">
      <UniqueIdentifier>{93995380-89BD-4b04-88EB-625FBE52EBFB}</UniqueIdentifier>
      <Extensions>h;hh;hpp;hxx;h++;hm;inl;inc;ipp;xsd</Extensions>
    </Filter>
    <Filter Include="Resource Files">
      <UniqueIdentifier>{67DA6AB6-F800-4c08-8B7A-83BB121AAD01}</UniqueIdentifier>
      <Extensions>rc;ico;cur;bmp;dlg;rc2;rct;bin;rgs;gif;jpg;jpeg;jpe;resx;tiff;tif;png;wav;mfcribbon-ms</Extensions>
    </Filter>
    <Filter Include="Header Files\MATIO">
      <UniqueIdentifier>{685da208-5917-49ef-b8d2-bf832d37f093}</UniqueIdentifier>
    </Filter>
    <Filter Include="Source Files\MATIO">
      <UniqueIdentifier>{89938e47-e946-475c-867a-d7d2c69c9cac}</UniqueIdentifier>
    </Filter>
  </ItemGroup>
  <ItemGroup>
    <ClCompile Include="CDispersion.cpp">
      <Filter>Source Files</Filter>
    </ClCompile>
    <ClCompile Include="NumMATIO.cpp">
      <Filter>Source Files\MATIO</Filter>
    </ClCompile>
    <ClCompile Include="progressbar.hpp">
      <Filter>Header Files</Filter>
    </ClCompile>
    <ClCompile Include="progressbar.cpp">
      <Filter>Source Files</Filter>
    </ClCompile>
  </ItemGroup>
  <ItemGroup>
    <ClInclude Include="MATIO.h">
      <Filter>Header Files\MATIO</Filter>
    </ClInclude>
    <ClInclude Include="NumMATIO.h">
      <Filter>Header Files\MATIO</Filter>
    </ClInclude>
    <ClInclude Include="Array.h">
      <Filter>Header Files</Filter>
    </ClInclude>
  </ItemGroup>
</Project>